// !$*UTF8*$!
{
	archiveVersion = 1;
	classes = {
	};
	objectVersion = 50;
	objects = {

/* Begin PBXBuildFile section */
		F44FC1C220AA0F200062E6A1 /* AppDelegate.swift in Sources */ = {isa = PBXBuildFile; fileRef = F44FC1C120AA0F200062E6A1 /* AppDelegate.swift */; };
		F44FC1C420AA0F200062E6A1 /* ViewController.swift in Sources */ = {isa = PBXBuildFile; fileRef = F44FC1C320AA0F200062E6A1 /* ViewController.swift */; };
		F44FC1C720AA0F200062E6A1 /* Main.storyboard in Resources */ = {isa = PBXBuildFile; fileRef = F44FC1C520AA0F200062E6A1 /* Main.storyboard */; };
		F44FC1CA20AA0F200062E6A1 /* PolarData.xcdatamodeld in Sources */ = {isa = PBXBuildFile; fileRef = F44FC1C820AA0F200062E6A1 /* PolarData.xcdatamodeld */; };
		F44FC1CC20AA0F220062E6A1 /* Assets.xcassets in Resources */ = {isa = PBXBuildFile; fileRef = F44FC1CB20AA0F220062E6A1 /* Assets.xcassets */; };
		F44FC1CF20AA0F220062E6A1 /* LaunchScreen.storyboard in Resources */ = {isa = PBXBuildFile; fileRef = F44FC1CD20AA0F220062E6A1 /* LaunchScreen.storyboard */; };
		F44FC1DA20AA0F220062E6A1 /* PolarDataTests.swift in Sources */ = {isa = PBXBuildFile; fileRef = F44FC1D920AA0F220062E6A1 /* PolarDataTests.swift */; };
		F44FC1E520AA0F230062E6A1 /* PolarDataUITests.swift in Sources */ = {isa = PBXBuildFile; fileRef = F44FC1E420AA0F230062E6A1 /* PolarDataUITests.swift */; };
		F44FC20B20AA24AE0062E6A1 /* libz.tbd in Frameworks */ = {isa = PBXBuildFile; fileRef = F44FC20A20AA24AE0062E6A1 /* libz.tbd */; };
		F44FC21620AA3B130062E6A1 /* Model.xcdatamodeld in Sources */ = {isa = PBXBuildFile; fileRef = F44FC21420AA3B130062E6A1 /* Model.xcdatamodeld */; };
		F44FC23A20AA3B560062E6A1 /* NaturalsMO+CoreDataClass.swift in Sources */ = {isa = PBXBuildFile; fileRef = F44FC21820AA3B560062E6A1 /* NaturalsMO+CoreDataClass.swift */; };
		F44FC23B20AA3B560062E6A1 /* NaturalsMO+CoreDataProperties.swift in Sources */ = {isa = PBXBuildFile; fileRef = F44FC21920AA3B560062E6A1 /* NaturalsMO+CoreDataProperties.swift */; };
		F44FC23C20AA3B560062E6A1 /* FloraTypeMO+CoreDataClass.swift in Sources */ = {isa = PBXBuildFile; fileRef = F44FC21A20AA3B560062E6A1 /* FloraTypeMO+CoreDataClass.swift */; };
		F44FC23D20AA3B560062E6A1 /* FloraTypeMO+CoreDataProperties.swift in Sources */ = {isa = PBXBuildFile; fileRef = F44FC21B20AA3B560062E6A1 /* FloraTypeMO+CoreDataProperties.swift */; };
		F44FC23E20AA3B560062E6A1 /* BirdMO+CoreDataClass.swift in Sources */ = {isa = PBXBuildFile; fileRef = F44FC21C20AA3B560062E6A1 /* BirdMO+CoreDataClass.swift */; };
		F44FC23F20AA3B560062E6A1 /* BirdMO+CoreDataProperties.swift in Sources */ = {isa = PBXBuildFile; fileRef = F44FC21D20AA3B560062E6A1 /* BirdMO+CoreDataProperties.swift */; };
		F44FC24020AA3B560062E6A1 /* FloraMO+CoreDataClass.swift in Sources */ = {isa = PBXBuildFile; fileRef = F44FC21E20AA3B560062E6A1 /* FloraMO+CoreDataClass.swift */; };
		F44FC24120AA3B560062E6A1 /* FloraMO+CoreDataProperties.swift in Sources */ = {isa = PBXBuildFile; fileRef = F44FC21F20AA3B560062E6A1 /* FloraMO+CoreDataProperties.swift */; };
		F44FC24220AA3B560062E6A1 /* CharacterMO+CoreDataClass.swift in Sources */ = {isa = PBXBuildFile; fileRef = F44FC22020AA3B560062E6A1 /* CharacterMO+CoreDataClass.swift */; };
		F44FC24320AA3B560062E6A1 /* CharacterMO+CoreDataProperties.swift in Sources */ = {isa = PBXBuildFile; fileRef = F44FC22120AA3B560062E6A1 /* CharacterMO+CoreDataProperties.swift */; };
		F44FC24420AA3B560062E6A1 /* EnumerationMO+CoreDataClass.swift in Sources */ = {isa = PBXBuildFile; fileRef = F44FC22220AA3B560062E6A1 /* EnumerationMO+CoreDataClass.swift */; };
		F44FC24520AA3B560062E6A1 /* EnumerationMO+CoreDataProperties.swift in Sources */ = {isa = PBXBuildFile; fileRef = F44FC22320AA3B560062E6A1 /* EnumerationMO+CoreDataProperties.swift */; };
		F44FC24620AA3B560062E6A1 /* LeavesShapeMO+CoreDataClass.swift in Sources */ = {isa = PBXBuildFile; fileRef = F44FC22420AA3B560062E6A1 /* LeavesShapeMO+CoreDataClass.swift */; };
		F44FC24720AA3B560062E6A1 /* LeavesShapeMO+CoreDataProperties.swift in Sources */ = {isa = PBXBuildFile; fileRef = F44FC22520AA3B560062E6A1 /* LeavesShapeMO+CoreDataProperties.swift */; };
		F44FC24820AA3B560062E6A1 /* ElementMO+CoreDataClass.swift in Sources */ = {isa = PBXBuildFile; fileRef = F44FC22620AA3B560062E6A1 /* ElementMO+CoreDataClass.swift */; };
		F44FC24920AA3B560062E6A1 /* ElementMO+CoreDataProperties.swift in Sources */ = {isa = PBXBuildFile; fileRef = F44FC22720AA3B560062E6A1 /* ElementMO+CoreDataProperties.swift */; };
		F44FC24A20AA3B560062E6A1 /* LocationTypeMO+CoreDataClass.swift in Sources */ = {isa = PBXBuildFile; fileRef = F44FC22820AA3B560062E6A1 /* LocationTypeMO+CoreDataClass.swift */; };
		F44FC24B20AA3B560062E6A1 /* LocationTypeMO+CoreDataProperties.swift in Sources */ = {isa = PBXBuildFile; fileRef = F44FC22920AA3B560062E6A1 /* LocationTypeMO+CoreDataProperties.swift */; };
		F44FC24C20AA3B560062E6A1 /* MarineMammalsMO+CoreDataClass.swift in Sources */ = {isa = PBXBuildFile; fileRef = F44FC22A20AA3B560062E6A1 /* MarineMammalsMO+CoreDataClass.swift */; };
		F44FC24D20AA3B560062E6A1 /* MarineMammalsMO+CoreDataProperties.swift in Sources */ = {isa = PBXBuildFile; fileRef = F44FC22B20AA3B560062E6A1 /* MarineMammalsMO+CoreDataProperties.swift */; };
		F44FC24E20AA3B560062E6A1 /* PictureMO+CoreDataClass.swift in Sources */ = {isa = PBXBuildFile; fileRef = F44FC22C20AA3B560062E6A1 /* PictureMO+CoreDataClass.swift */; };
		F44FC24F20AA3B560062E6A1 /* PictureMO+CoreDataProperties.swift in Sources */ = {isa = PBXBuildFile; fileRef = F44FC22D20AA3B560062E6A1 /* PictureMO+CoreDataProperties.swift */; };
		F44FC25020AA3B560062E6A1 /* NaturalPhenomenonMO+CoreDataClass.swift in Sources */ = {isa = PBXBuildFile; fileRef = F44FC22E20AA3B560062E6A1 /* NaturalPhenomenonMO+CoreDataClass.swift */; };
		F44FC25120AA3B560062E6A1 /* NaturalPhenomenonMO+CoreDataProperties.swift in Sources */ = {isa = PBXBuildFile; fileRef = F44FC22F20AA3B560062E6A1 /* NaturalPhenomenonMO+CoreDataProperties.swift */; };
		F44FC25220AA3B560062E6A1 /* FaunaMO+CoreDataClass.swift in Sources */ = {isa = PBXBuildFile; fileRef = F44FC23020AA3B560062E6A1 /* FaunaMO+CoreDataClass.swift */; };
		F44FC25320AA3B560062E6A1 /* FaunaMO+CoreDataProperties.swift in Sources */ = {isa = PBXBuildFile; fileRef = F44FC23120AA3B560062E6A1 /* FaunaMO+CoreDataProperties.swift */; };
		F44FC25420AA3B560062E6A1 /* LandFaunaMO+CoreDataClass.swift in Sources */ = {isa = PBXBuildFile; fileRef = F44FC23220AA3B560062E6A1 /* LandFaunaMO+CoreDataClass.swift */; };
		F44FC25520AA3B560062E6A1 /* LandFaunaMO+CoreDataProperties.swift in Sources */ = {isa = PBXBuildFile; fileRef = F44FC23320AA3B560062E6A1 /* LandFaunaMO+CoreDataProperties.swift */; };
		F44FC25620AA3B560062E6A1 /* FlowerHeightMO+CoreDataClass.swift in Sources */ = {isa = PBXBuildFile; fileRef = F44FC23420AA3B560062E6A1 /* FlowerHeightMO+CoreDataClass.swift */; };
		F44FC25720AA3B560062E6A1 /* FlowerHeightMO+CoreDataProperties.swift in Sources */ = {isa = PBXBuildFile; fileRef = F44FC23520AA3B560062E6A1 /* FlowerHeightMO+CoreDataProperties.swift */; };
		F44FC25820AA3B560062E6A1 /* LocationMO+CoreDataClass.swift in Sources */ = {isa = PBXBuildFile; fileRef = F44FC23620AA3B560062E6A1 /* LocationMO+CoreDataClass.swift */; };
		F44FC25920AA3B560062E6A1 /* LocationMO+CoreDataProperties.swift in Sources */ = {isa = PBXBuildFile; fileRef = F44FC23720AA3B560062E6A1 /* LocationMO+CoreDataProperties.swift */; };
		F44FC25A20AA3B560062E6A1 /* ColorEnumMO+CoreDataClass.swift in Sources */ = {isa = PBXBuildFile; fileRef = F44FC23820AA3B560062E6A1 /* ColorEnumMO+CoreDataClass.swift */; };
		F44FC25B20AA3B560062E6A1 /* ColorEnumMO+CoreDataProperties.swift in Sources */ = {isa = PBXBuildFile; fileRef = F44FC23920AA3B560062E6A1 /* ColorEnumMO+CoreDataProperties.swift */; };
/* End PBXBuildFile section */

/* Begin PBXContainerItemProxy section */
		F44FC1D620AA0F220062E6A1 /* PBXContainerItemProxy */ = {
			isa = PBXContainerItemProxy;
			containerPortal = F44FC1B620AA0F200062E6A1 /* Project object */;
			proxyType = 1;
			remoteGlobalIDString = F44FC1BD20AA0F200062E6A1;
			remoteInfo = PolarData;
		};
		F44FC1E120AA0F230062E6A1 /* PBXContainerItemProxy */ = {
			isa = PBXContainerItemProxy;
			containerPortal = F44FC1B620AA0F200062E6A1 /* Project object */;
			proxyType = 1;
			remoteGlobalIDString = F44FC1BD20AA0F200062E6A1;
			remoteInfo = PolarData;
		};
/* End PBXContainerItemProxy section */

/* Begin PBXFileReference section */
		F44FC1BE20AA0F200062E6A1 /* PolarData.app */ = {isa = PBXFileReference; explicitFileType = wrapper.application; includeInIndex = 0; path = PolarData.app; sourceTree = BUILT_PRODUCTS_DIR; };
		F44FC1C120AA0F200062E6A1 /* AppDelegate.swift */ = {isa = PBXFileReference; lastKnownFileType = sourcecode.swift; path = AppDelegate.swift; sourceTree = "<group>"; };
		F44FC1C320AA0F200062E6A1 /* ViewController.swift */ = {isa = PBXFileReference; lastKnownFileType = sourcecode.swift; path = ViewController.swift; sourceTree = "<group>"; };
		F44FC1C620AA0F200062E6A1 /* Base */ = {isa = PBXFileReference; lastKnownFileType = file.storyboard; name = Base; path = Base.lproj/Main.storyboard; sourceTree = "<group>"; };
		F44FC1C920AA0F200062E6A1 /* PolarData.xcdatamodel */ = {isa = PBXFileReference; lastKnownFileType = wrapper.xcdatamodel; path = PolarData.xcdatamodel; sourceTree = "<group>"; };
		F44FC1CB20AA0F220062E6A1 /* Assets.xcassets */ = {isa = PBXFileReference; lastKnownFileType = folder.assetcatalog; path = Assets.xcassets; sourceTree = "<group>"; };
		F44FC1CE20AA0F220062E6A1 /* Base */ = {isa = PBXFileReference; lastKnownFileType = file.storyboard; name = Base; path = Base.lproj/LaunchScreen.storyboard; sourceTree = "<group>"; };
		F44FC1D020AA0F220062E6A1 /* Info.plist */ = {isa = PBXFileReference; lastKnownFileType = text.plist.xml; path = Info.plist; sourceTree = "<group>"; };
		F44FC1D520AA0F220062E6A1 /* PolarDataTests.xctest */ = {isa = PBXFileReference; explicitFileType = wrapper.cfbundle; includeInIndex = 0; path = PolarDataTests.xctest; sourceTree = BUILT_PRODUCTS_DIR; };
		F44FC1D920AA0F220062E6A1 /* PolarDataTests.swift */ = {isa = PBXFileReference; lastKnownFileType = sourcecode.swift; path = PolarDataTests.swift; sourceTree = "<group>"; };
		F44FC1DB20AA0F220062E6A1 /* Info.plist */ = {isa = PBXFileReference; lastKnownFileType = text.plist.xml; path = Info.plist; sourceTree = "<group>"; };
		F44FC1E020AA0F220062E6A1 /* PolarDataUITests.xctest */ = {isa = PBXFileReference; explicitFileType = wrapper.cfbundle; includeInIndex = 0; path = PolarDataUITests.xctest; sourceTree = BUILT_PRODUCTS_DIR; };
		F44FC1E420AA0F230062E6A1 /* PolarDataUITests.swift */ = {isa = PBXFileReference; lastKnownFileType = sourcecode.swift; path = PolarDataUITests.swift; sourceTree = "<group>"; };
		F44FC1E620AA0F230062E6A1 /* Info.plist */ = {isa = PBXFileReference; lastKnownFileType = text.plist.xml; path = Info.plist; sourceTree = "<group>"; };
		F44FC20A20AA24AE0062E6A1 /* libz.tbd */ = {isa = PBXFileReference; lastKnownFileType = "sourcecode.text-based-dylib-definition"; name = libz.tbd; path = usr/lib/libz.tbd; sourceTree = SDKROOT; };
		F44FC21520AA3B130062E6A1 /* Model.xcdatamodel */ = {isa = PBXFileReference; lastKnownFileType = wrapper.xcdatamodel; path = Model.xcdatamodel; sourceTree = "<group>"; };
		F44FC21820AA3B560062E6A1 /* NaturalsMO+CoreDataClass.swift */ = {isa = PBXFileReference; lastKnownFileType = sourcecode.swift; path = "NaturalsMO+CoreDataClass.swift"; sourceTree = "<group>"; };
		F44FC21920AA3B560062E6A1 /* NaturalsMO+CoreDataProperties.swift */ = {isa = PBXFileReference; lastKnownFileType = sourcecode.swift; path = "NaturalsMO+CoreDataProperties.swift"; sourceTree = "<group>"; };
		F44FC21A20AA3B560062E6A1 /* FloraTypeMO+CoreDataClass.swift */ = {isa = PBXFileReference; lastKnownFileType = sourcecode.swift; path = "FloraTypeMO+CoreDataClass.swift"; sourceTree = "<group>"; };
		F44FC21B20AA3B560062E6A1 /* FloraTypeMO+CoreDataProperties.swift */ = {isa = PBXFileReference; lastKnownFileType = sourcecode.swift; path = "FloraTypeMO+CoreDataProperties.swift"; sourceTree = "<group>"; };
		F44FC21C20AA3B560062E6A1 /* BirdMO+CoreDataClass.swift */ = {isa = PBXFileReference; lastKnownFileType = sourcecode.swift; path = "BirdMO+CoreDataClass.swift"; sourceTree = "<group>"; };
		F44FC21D20AA3B560062E6A1 /* BirdMO+CoreDataProperties.swift */ = {isa = PBXFileReference; lastKnownFileType = sourcecode.swift; path = "BirdMO+CoreDataProperties.swift"; sourceTree = "<group>"; };
		F44FC21E20AA3B560062E6A1 /* FloraMO+CoreDataClass.swift */ = {isa = PBXFileReference; lastKnownFileType = sourcecode.swift; path = "FloraMO+CoreDataClass.swift"; sourceTree = "<group>"; };
		F44FC21F20AA3B560062E6A1 /* FloraMO+CoreDataProperties.swift */ = {isa = PBXFileReference; lastKnownFileType = sourcecode.swift; path = "FloraMO+CoreDataProperties.swift"; sourceTree = "<group>"; };
		F44FC22020AA3B560062E6A1 /* CharacterMO+CoreDataClass.swift */ = {isa = PBXFileReference; lastKnownFileType = sourcecode.swift; path = "CharacterMO+CoreDataClass.swift"; sourceTree = "<group>"; };
		F44FC22120AA3B560062E6A1 /* CharacterMO+CoreDataProperties.swift */ = {isa = PBXFileReference; lastKnownFileType = sourcecode.swift; path = "CharacterMO+CoreDataProperties.swift"; sourceTree = "<group>"; };
		F44FC22220AA3B560062E6A1 /* EnumerationMO+CoreDataClass.swift */ = {isa = PBXFileReference; lastKnownFileType = sourcecode.swift; path = "EnumerationMO+CoreDataClass.swift"; sourceTree = "<group>"; };
		F44FC22320AA3B560062E6A1 /* EnumerationMO+CoreDataProperties.swift */ = {isa = PBXFileReference; lastKnownFileType = sourcecode.swift; path = "EnumerationMO+CoreDataProperties.swift"; sourceTree = "<group>"; };
		F44FC22420AA3B560062E6A1 /* LeavesShapeMO+CoreDataClass.swift */ = {isa = PBXFileReference; lastKnownFileType = sourcecode.swift; path = "LeavesShapeMO+CoreDataClass.swift"; sourceTree = "<group>"; };
		F44FC22520AA3B560062E6A1 /* LeavesShapeMO+CoreDataProperties.swift */ = {isa = PBXFileReference; lastKnownFileType = sourcecode.swift; path = "LeavesShapeMO+CoreDataProperties.swift"; sourceTree = "<group>"; };
		F44FC22620AA3B560062E6A1 /* ElementMO+CoreDataClass.swift */ = {isa = PBXFileReference; lastKnownFileType = sourcecode.swift; path = "ElementMO+CoreDataClass.swift"; sourceTree = "<group>"; };
		F44FC22720AA3B560062E6A1 /* ElementMO+CoreDataProperties.swift */ = {isa = PBXFileReference; lastKnownFileType = sourcecode.swift; path = "ElementMO+CoreDataProperties.swift"; sourceTree = "<group>"; };
		F44FC22820AA3B560062E6A1 /* LocationTypeMO+CoreDataClass.swift */ = {isa = PBXFileReference; lastKnownFileType = sourcecode.swift; path = "LocationTypeMO+CoreDataClass.swift"; sourceTree = "<group>"; };
		F44FC22920AA3B560062E6A1 /* LocationTypeMO+CoreDataProperties.swift */ = {isa = PBXFileReference; lastKnownFileType = sourcecode.swift; path = "LocationTypeMO+CoreDataProperties.swift"; sourceTree = "<group>"; };
		F44FC22A20AA3B560062E6A1 /* MarineMammalsMO+CoreDataClass.swift */ = {isa = PBXFileReference; lastKnownFileType = sourcecode.swift; path = "MarineMammalsMO+CoreDataClass.swift"; sourceTree = "<group>"; };
		F44FC22B20AA3B560062E6A1 /* MarineMammalsMO+CoreDataProperties.swift */ = {isa = PBXFileReference; lastKnownFileType = sourcecode.swift; path = "MarineMammalsMO+CoreDataProperties.swift"; sourceTree = "<group>"; };
		F44FC22C20AA3B560062E6A1 /* PictureMO+CoreDataClass.swift */ = {isa = PBXFileReference; lastKnownFileType = sourcecode.swift; path = "PictureMO+CoreDataClass.swift"; sourceTree = "<group>"; };
		F44FC22D20AA3B560062E6A1 /* PictureMO+CoreDataProperties.swift */ = {isa = PBXFileReference; lastKnownFileType = sourcecode.swift; path = "PictureMO+CoreDataProperties.swift"; sourceTree = "<group>"; };
		F44FC22E20AA3B560062E6A1 /* NaturalPhenomenonMO+CoreDataClass.swift */ = {isa = PBXFileReference; lastKnownFileType = sourcecode.swift; path = "NaturalPhenomenonMO+CoreDataClass.swift"; sourceTree = "<group>"; };
		F44FC22F20AA3B560062E6A1 /* NaturalPhenomenonMO+CoreDataProperties.swift */ = {isa = PBXFileReference; lastKnownFileType = sourcecode.swift; path = "NaturalPhenomenonMO+CoreDataProperties.swift"; sourceTree = "<group>"; };
		F44FC23020AA3B560062E6A1 /* FaunaMO+CoreDataClass.swift */ = {isa = PBXFileReference; lastKnownFileType = sourcecode.swift; path = "FaunaMO+CoreDataClass.swift"; sourceTree = "<group>"; };
		F44FC23120AA3B560062E6A1 /* FaunaMO+CoreDataProperties.swift */ = {isa = PBXFileReference; lastKnownFileType = sourcecode.swift; path = "FaunaMO+CoreDataProperties.swift"; sourceTree = "<group>"; };
		F44FC23220AA3B560062E6A1 /* LandFaunaMO+CoreDataClass.swift */ = {isa = PBXFileReference; lastKnownFileType = sourcecode.swift; path = "LandFaunaMO+CoreDataClass.swift"; sourceTree = "<group>"; };
		F44FC23320AA3B560062E6A1 /* LandFaunaMO+CoreDataProperties.swift */ = {isa = PBXFileReference; lastKnownFileType = sourcecode.swift; path = "LandFaunaMO+CoreDataProperties.swift"; sourceTree = "<group>"; };
		F44FC23420AA3B560062E6A1 /* FlowerHeightMO+CoreDataClass.swift */ = {isa = PBXFileReference; lastKnownFileType = sourcecode.swift; path = "FlowerHeightMO+CoreDataClass.swift"; sourceTree = "<group>"; };
		F44FC23520AA3B560062E6A1 /* FlowerHeightMO+CoreDataProperties.swift */ = {isa = PBXFileReference; lastKnownFileType = sourcecode.swift; path = "FlowerHeightMO+CoreDataProperties.swift"; sourceTree = "<group>"; };
		F44FC23620AA3B560062E6A1 /* LocationMO+CoreDataClass.swift */ = {isa = PBXFileReference; lastKnownFileType = sourcecode.swift; path = "LocationMO+CoreDataClass.swift"; sourceTree = "<group>"; };
		F44FC23720AA3B560062E6A1 /* LocationMO+CoreDataProperties.swift */ = {isa = PBXFileReference; lastKnownFileType = sourcecode.swift; path = "LocationMO+CoreDataProperties.swift"; sourceTree = "<group>"; };
		F44FC23820AA3B560062E6A1 /* ColorEnumMO+CoreDataClass.swift */ = {isa = PBXFileReference; lastKnownFileType = sourcecode.swift; path = "ColorEnumMO+CoreDataClass.swift"; sourceTree = "<group>"; };
		F44FC23920AA3B560062E6A1 /* ColorEnumMO+CoreDataProperties.swift */ = {isa = PBXFileReference; lastKnownFileType = sourcecode.swift; path = "ColorEnumMO+CoreDataProperties.swift"; sourceTree = "<group>"; };
/* End PBXFileReference section */

/* Begin PBXFrameworksBuildPhase section */
		F44FC1BB20AA0F200062E6A1 /* Frameworks */ = {
			isa = PBXFrameworksBuildPhase;
			buildActionMask = 2147483647;
			files = (
				F44FC20B20AA24AE0062E6A1 /* libz.tbd in Frameworks */,
			);
			runOnlyForDeploymentPostprocessing = 0;
		};
		F44FC1D220AA0F220062E6A1 /* Frameworks */ = {
			isa = PBXFrameworksBuildPhase;
			buildActionMask = 2147483647;
			files = (
			);
			runOnlyForDeploymentPostprocessing = 0;
		};
		F44FC1DD20AA0F220062E6A1 /* Frameworks */ = {
			isa = PBXFrameworksBuildPhase;
			buildActionMask = 2147483647;
			files = (
			);
			runOnlyForDeploymentPostprocessing = 0;
		};
/* End PBXFrameworksBuildPhase section */

/* Begin PBXGroup section */
		F44FC1B520AA0F200062E6A1 = {
			isa = PBXGroup;
			children = (
				F44FC1C020AA0F200062E6A1 /* PolarData */,
				F44FC1D820AA0F220062E6A1 /* PolarDataTests */,
				F44FC1E320AA0F230062E6A1 /* PolarDataUITests */,
				F44FC1BF20AA0F200062E6A1 /* Products */,
				F44FC20820AA24A20062E6A1 /* Frameworks */,
			);
			sourceTree = "<group>";
		};
		F44FC1BF20AA0F200062E6A1 /* Products */ = {
			isa = PBXGroup;
			children = (
				F44FC1BE20AA0F200062E6A1 /* PolarData.app */,
				F44FC1D520AA0F220062E6A1 /* PolarDataTests.xctest */,
				F44FC1E020AA0F220062E6A1 /* PolarDataUITests.xctest */,
			);
			name = Products;
			sourceTree = "<group>";
		};
		F44FC1C020AA0F200062E6A1 /* PolarData */ = {
			isa = PBXGroup;
			children = (
				F44FC21720AA3B280062E6A1 /* Model */,
				F44FC20620AA16FE0062E6A1 /* res */,
				F44FC1C120AA0F200062E6A1 /* AppDelegate.swift */,
				F44FC1C320AA0F200062E6A1 /* ViewController.swift */,
				F44FC1C520AA0F200062E6A1 /* Main.storyboard */,
				F44FC1CB20AA0F220062E6A1 /* Assets.xcassets */,
				F44FC1CD20AA0F220062E6A1 /* LaunchScreen.storyboard */,
				F44FC1D020AA0F220062E6A1 /* Info.plist */,
				F44FC1C820AA0F200062E6A1 /* PolarData.xcdatamodeld */,
			);
			path = PolarData;
			sourceTree = "<group>";
		};
		F44FC1D820AA0F220062E6A1 /* PolarDataTests */ = {
			isa = PBXGroup;
			children = (
				F44FC1D920AA0F220062E6A1 /* PolarDataTests.swift */,
				F44FC1DB20AA0F220062E6A1 /* Info.plist */,
			);
			path = PolarDataTests;
			sourceTree = "<group>";
		};
		F44FC1E320AA0F230062E6A1 /* PolarDataUITests */ = {
			isa = PBXGroup;
			children = (
				F44FC1E420AA0F230062E6A1 /* PolarDataUITests.swift */,
				F44FC1E620AA0F230062E6A1 /* Info.plist */,
			);
			path = PolarDataUITests;
			sourceTree = "<group>";
		};
		F44FC20620AA16FE0062E6A1 /* res */ = {
			isa = PBXGroup;
			children = (
			);
			path = res;
			sourceTree = "<group>";
		};
		F44FC20820AA24A20062E6A1 /* Frameworks */ = {
			isa = PBXGroup;
			children = (
				F44FC20A20AA24AE0062E6A1 /* libz.tbd */,
			);
			name = Frameworks;
			sourceTree = "<group>";
		};
		F44FC21720AA3B280062E6A1 /* Model */ = {
			isa = PBXGroup;
			children = (
				F44FC21820AA3B560062E6A1 /* NaturalsMO+CoreDataClass.swift */,
				F44FC21920AA3B560062E6A1 /* NaturalsMO+CoreDataProperties.swift */,
				F44FC21A20AA3B560062E6A1 /* FloraTypeMO+CoreDataClass.swift */,
				F44FC21B20AA3B560062E6A1 /* FloraTypeMO+CoreDataProperties.swift */,
				F44FC21C20AA3B560062E6A1 /* BirdMO+CoreDataClass.swift */,
				F44FC21D20AA3B560062E6A1 /* BirdMO+CoreDataProperties.swift */,
				F44FC21E20AA3B560062E6A1 /* FloraMO+CoreDataClass.swift */,
				F44FC21F20AA3B560062E6A1 /* FloraMO+CoreDataProperties.swift */,
				F44FC22020AA3B560062E6A1 /* CharacterMO+CoreDataClass.swift */,
				F44FC22120AA3B560062E6A1 /* CharacterMO+CoreDataProperties.swift */,
				F44FC22220AA3B560062E6A1 /* EnumerationMO+CoreDataClass.swift */,
				F44FC22320AA3B560062E6A1 /* EnumerationMO+CoreDataProperties.swift */,
				F44FC22420AA3B560062E6A1 /* LeavesShapeMO+CoreDataClass.swift */,
				F44FC22520AA3B560062E6A1 /* LeavesShapeMO+CoreDataProperties.swift */,
				F44FC22620AA3B560062E6A1 /* ElementMO+CoreDataClass.swift */,
				F44FC22720AA3B560062E6A1 /* ElementMO+CoreDataProperties.swift */,
				F44FC22820AA3B560062E6A1 /* LocationTypeMO+CoreDataClass.swift */,
				F44FC22920AA3B560062E6A1 /* LocationTypeMO+CoreDataProperties.swift */,
				F44FC22A20AA3B560062E6A1 /* MarineMammalsMO+CoreDataClass.swift */,
				F44FC22B20AA3B560062E6A1 /* MarineMammalsMO+CoreDataProperties.swift */,
				F44FC22C20AA3B560062E6A1 /* PictureMO+CoreDataClass.swift */,
				F44FC22D20AA3B560062E6A1 /* PictureMO+CoreDataProperties.swift */,
				F44FC22E20AA3B560062E6A1 /* NaturalPhenomenonMO+CoreDataClass.swift */,
				F44FC22F20AA3B560062E6A1 /* NaturalPhenomenonMO+CoreDataProperties.swift */,
				F44FC23020AA3B560062E6A1 /* FaunaMO+CoreDataClass.swift */,
				F44FC23120AA3B560062E6A1 /* FaunaMO+CoreDataProperties.swift */,
				F44FC23220AA3B560062E6A1 /* LandFaunaMO+CoreDataClass.swift */,
				F44FC23320AA3B560062E6A1 /* LandFaunaMO+CoreDataProperties.swift */,
				F44FC23420AA3B560062E6A1 /* FlowerHeightMO+CoreDataClass.swift */,
				F44FC23520AA3B560062E6A1 /* FlowerHeightMO+CoreDataProperties.swift */,
				F44FC23620AA3B560062E6A1 /* LocationMO+CoreDataClass.swift */,
				F44FC23720AA3B560062E6A1 /* LocationMO+CoreDataProperties.swift */,
				F44FC23820AA3B560062E6A1 /* ColorEnumMO+CoreDataClass.swift */,
				F44FC23920AA3B560062E6A1 /* ColorEnumMO+CoreDataProperties.swift */,
				F44FC21420AA3B130062E6A1 /* Model.xcdatamodeld */,
			);
			path = Model;
			sourceTree = "<group>";
		};
/* End PBXGroup section */

/* Begin PBXNativeTarget section */
		F44FC1BD20AA0F200062E6A1 /* PolarData */ = {
			isa = PBXNativeTarget;
			buildConfigurationList = F44FC1E920AA0F230062E6A1 /* Build configuration list for PBXNativeTarget "PolarData" */;
			buildPhases = (
				F44FC1BA20AA0F200062E6A1 /* Sources */,
				F44FC1BB20AA0F200062E6A1 /* Frameworks */,
				F44FC1BC20AA0F200062E6A1 /* Resources */,
			);
			buildRules = (
			);
			dependencies = (
			);
			name = PolarData;
			productName = PolarData;
			productReference = F44FC1BE20AA0F200062E6A1 /* PolarData.app */;
			productType = "com.apple.product-type.application";
		};
		F44FC1D420AA0F220062E6A1 /* PolarDataTests */ = {
			isa = PBXNativeTarget;
			buildConfigurationList = F44FC1EC20AA0F230062E6A1 /* Build configuration list for PBXNativeTarget "PolarDataTests" */;
			buildPhases = (
				F44FC1D120AA0F220062E6A1 /* Sources */,
				F44FC1D220AA0F220062E6A1 /* Frameworks */,
				F44FC1D320AA0F220062E6A1 /* Resources */,
			);
			buildRules = (
			);
			dependencies = (
				F44FC1D720AA0F220062E6A1 /* PBXTargetDependency */,
			);
			name = PolarDataTests;
			productName = PolarDataTests;
			productReference = F44FC1D520AA0F220062E6A1 /* PolarDataTests.xctest */;
			productType = "com.apple.product-type.bundle.unit-test";
		};
		F44FC1DF20AA0F220062E6A1 /* PolarDataUITests */ = {
			isa = PBXNativeTarget;
			buildConfigurationList = F44FC1EF20AA0F230062E6A1 /* Build configuration list for PBXNativeTarget "PolarDataUITests" */;
			buildPhases = (
				F44FC1DC20AA0F220062E6A1 /* Sources */,
				F44FC1DD20AA0F220062E6A1 /* Frameworks */,
				F44FC1DE20AA0F220062E6A1 /* Resources */,
			);
			buildRules = (
			);
			dependencies = (
				F44FC1E220AA0F230062E6A1 /* PBXTargetDependency */,
			);
			name = PolarDataUITests;
			productName = PolarDataUITests;
			productReference = F44FC1E020AA0F220062E6A1 /* PolarDataUITests.xctest */;
			productType = "com.apple.product-type.bundle.ui-testing";
		};
/* End PBXNativeTarget section */

/* Begin PBXProject section */
		F44FC1B620AA0F200062E6A1 /* Project object */ = {
			isa = PBXProject;
			attributes = {
				LastSwiftUpdateCheck = 0930;
				LastUpgradeCheck = 0930;
				ORGANIZATIONNAME = PIDR;
				TargetAttributes = {
					F44FC1BD20AA0F200062E6A1 = {
						CreatedOnToolsVersion = 9.3;
					};
					F44FC1D420AA0F220062E6A1 = {
						CreatedOnToolsVersion = 9.3;
						TestTargetID = F44FC1BD20AA0F200062E6A1;
					};
					F44FC1DF20AA0F220062E6A1 = {
						CreatedOnToolsVersion = 9.3;
						TestTargetID = F44FC1BD20AA0F200062E6A1;
					};
				};
			};
			buildConfigurationList = F44FC1B920AA0F200062E6A1 /* Build configuration list for PBXProject "PolarData" */;
			compatibilityVersion = "Xcode 9.3";
			developmentRegion = en;
			hasScannedForEncodings = 0;
			knownRegions = (
				en,
				Base,
			);
			mainGroup = F44FC1B520AA0F200062E6A1;
			productRefGroup = F44FC1BF20AA0F200062E6A1 /* Products */;
			projectDirPath = "";
			projectRoot = "";
			targets = (
				F44FC1BD20AA0F200062E6A1 /* PolarData */,
				F44FC1D420AA0F220062E6A1 /* PolarDataTests */,
				F44FC1DF20AA0F220062E6A1 /* PolarDataUITests */,
			);
		};
/* End PBXProject section */

/* Begin PBXResourcesBuildPhase section */
		F44FC1BC20AA0F200062E6A1 /* Resources */ = {
			isa = PBXResourcesBuildPhase;
			buildActionMask = 2147483647;
			files = (
				F44FC1CF20AA0F220062E6A1 /* LaunchScreen.storyboard in Resources */,
				F44FC1CC20AA0F220062E6A1 /* Assets.xcassets in Resources */,
				F44FC1C720AA0F200062E6A1 /* Main.storyboard in Resources */,
			);
			runOnlyForDeploymentPostprocessing = 0;
		};
		F44FC1D320AA0F220062E6A1 /* Resources */ = {
			isa = PBXResourcesBuildPhase;
			buildActionMask = 2147483647;
			files = (
			);
			runOnlyForDeploymentPostprocessing = 0;
		};
		F44FC1DE20AA0F220062E6A1 /* Resources */ = {
			isa = PBXResourcesBuildPhase;
			buildActionMask = 2147483647;
			files = (
			);
			runOnlyForDeploymentPostprocessing = 0;
		};
/* End PBXResourcesBuildPhase section */

/* Begin PBXSourcesBuildPhase section */
		F44FC1BA20AA0F200062E6A1 /* Sources */ = {
			isa = PBXSourcesBuildPhase;
			buildActionMask = 2147483647;
			files = (
				F44FC25520AA3B560062E6A1 /* LandFaunaMO+CoreDataProperties.swift in Sources */,
				F44FC24A20AA3B560062E6A1 /* LocationTypeMO+CoreDataClass.swift in Sources */,
				F44FC24120AA3B560062E6A1 /* FloraMO+CoreDataProperties.swift in Sources */,
				F44FC23C20AA3B560062E6A1 /* FloraTypeMO+CoreDataClass.swift in Sources */,
				F44FC1C420AA0F200062E6A1 /* ViewController.swift in Sources */,
				F44FC23F20AA3B560062E6A1 /* BirdMO+CoreDataProperties.swift in Sources */,
				F44FC1C220AA0F200062E6A1 /* AppDelegate.swift in Sources */,
				F44FC24D20AA3B560062E6A1 /* MarineMammalsMO+CoreDataProperties.swift in Sources */,
				F44FC25220AA3B560062E6A1 /* FaunaMO+CoreDataClass.swift in Sources */,
				F44FC24720AA3B560062E6A1 /* LeavesShapeMO+CoreDataProperties.swift in Sources */,
				F44FC25620AA3B560062E6A1 /* FlowerHeightMO+CoreDataClass.swift in Sources */,
				F44FC24920AA3B560062E6A1 /* ElementMO+CoreDataProperties.swift in Sources */,
				F44FC24820AA3B560062E6A1 /* ElementMO+CoreDataClass.swift in Sources */,
				F44FC24320AA3B560062E6A1 /* CharacterMO+CoreDataProperties.swift in Sources */,
				F44FC25320AA3B560062E6A1 /* FaunaMO+CoreDataProperties.swift in Sources */,
				F44FC1CA20AA0F200062E6A1 /* PolarData.xcdatamodeld in Sources */,
				F44FC23D20AA3B560062E6A1 /* FloraTypeMO+CoreDataProperties.swift in Sources */,
				F44FC25A20AA3B560062E6A1 /* ColorEnumMO+CoreDataClass.swift in Sources */,
				F44FC24020AA3B560062E6A1 /* FloraMO+CoreDataClass.swift in Sources */,
				F44FC23A20AA3B560062E6A1 /* NaturalsMO+CoreDataClass.swift in Sources */,
				F44FC24C20AA3B560062E6A1 /* MarineMammalsMO+CoreDataClass.swift in Sources */,
				F44FC25120AA3B560062E6A1 /* NaturalPhenomenonMO+CoreDataProperties.swift in Sources */,
				F44FC24F20AA3B560062E6A1 /* PictureMO+CoreDataProperties.swift in Sources */,
				F44FC24E20AA3B560062E6A1 /* PictureMO+CoreDataClass.swift in Sources */,
				F44FC23E20AA3B560062E6A1 /* BirdMO+CoreDataClass.swift in Sources */,
				F44FC24220AA3B560062E6A1 /* CharacterMO+CoreDataClass.swift in Sources */,
				F44FC25420AA3B560062E6A1 /* LandFaunaMO+CoreDataClass.swift in Sources */,
				F44FC25920AA3B560062E6A1 /* LocationMO+CoreDataProperties.swift in Sources */,
				F44FC24420AA3B560062E6A1 /* EnumerationMO+CoreDataClass.swift in Sources */,
				F44FC21620AA3B130062E6A1 /* Model.xcdatamodeld in Sources */,
				F44FC24620AA3B560062E6A1 /* LeavesShapeMO+CoreDataClass.swift in Sources */,
				F44FC25820AA3B560062E6A1 /* LocationMO+CoreDataClass.swift in Sources */,
				F44FC25B20AA3B560062E6A1 /* ColorEnumMO+CoreDataProperties.swift in Sources */,
				F44FC23B20AA3B560062E6A1 /* NaturalsMO+CoreDataProperties.swift in Sources */,
				F44FC25020AA3B560062E6A1 /* NaturalPhenomenonMO+CoreDataClass.swift in Sources */,
				F44FC24B20AA3B560062E6A1 /* LocationTypeMO+CoreDataProperties.swift in Sources */,
				F44FC24520AA3B560062E6A1 /* EnumerationMO+CoreDataProperties.swift in Sources */,
				F44FC25720AA3B560062E6A1 /* FlowerHeightMO+CoreDataProperties.swift in Sources */,
			);
			runOnlyForDeploymentPostprocessing = 0;
		};
		F44FC1D120AA0F220062E6A1 /* Sources */ = {
			isa = PBXSourcesBuildPhase;
			buildActionMask = 2147483647;
			files = (
				F44FC1DA20AA0F220062E6A1 /* PolarDataTests.swift in Sources */,
			);
			runOnlyForDeploymentPostprocessing = 0;
		};
		F44FC1DC20AA0F220062E6A1 /* Sources */ = {
			isa = PBXSourcesBuildPhase;
			buildActionMask = 2147483647;
			files = (
				F44FC1E520AA0F230062E6A1 /* PolarDataUITests.swift in Sources */,
			);
			runOnlyForDeploymentPostprocessing = 0;
		};
/* End PBXSourcesBuildPhase section */

/* Begin PBXTargetDependency section */
		F44FC1D720AA0F220062E6A1 /* PBXTargetDependency */ = {
			isa = PBXTargetDependency;
			target = F44FC1BD20AA0F200062E6A1 /* PolarData */;
			targetProxy = F44FC1D620AA0F220062E6A1 /* PBXContainerItemProxy */;
		};
		F44FC1E220AA0F230062E6A1 /* PBXTargetDependency */ = {
			isa = PBXTargetDependency;
			target = F44FC1BD20AA0F200062E6A1 /* PolarData */;
			targetProxy = F44FC1E120AA0F230062E6A1 /* PBXContainerItemProxy */;
		};
/* End PBXTargetDependency section */

/* Begin PBXVariantGroup section */
		F44FC1C520AA0F200062E6A1 /* Main.storyboard */ = {
			isa = PBXVariantGroup;
			children = (
				F44FC1C620AA0F200062E6A1 /* Base */,
			);
			name = Main.storyboard;
			sourceTree = "<group>";
		};
		F44FC1CD20AA0F220062E6A1 /* LaunchScreen.storyboard */ = {
			isa = PBXVariantGroup;
			children = (
				F44FC1CE20AA0F220062E6A1 /* Base */,
			);
			name = LaunchScreen.storyboard;
			sourceTree = "<group>";
		};
/* End PBXVariantGroup section */

/* Begin XCBuildConfiguration section */
		F44FC1E720AA0F230062E6A1 /* Debug */ = {
			isa = XCBuildConfiguration;
			buildSettings = {
				ALWAYS_SEARCH_USER_PATHS = NO;
				CLANG_ANALYZER_NONNULL = YES;
				CLANG_ANALYZER_NUMBER_OBJECT_CONVERSION = YES_AGGRESSIVE;
				CLANG_CXX_LANGUAGE_STANDARD = "gnu++14";
				CLANG_CXX_LIBRARY = "libc++";
				CLANG_ENABLE_MODULES = YES;
				CLANG_ENABLE_OBJC_ARC = YES;
				CLANG_ENABLE_OBJC_WEAK = YES;
				CLANG_WARN_BLOCK_CAPTURE_AUTORELEASING = YES;
				CLANG_WARN_BOOL_CONVERSION = YES;
				CLANG_WARN_COMMA = YES;
				CLANG_WARN_CONSTANT_CONVERSION = YES;
				CLANG_WARN_DEPRECATED_OBJC_IMPLEMENTATIONS = YES;
				CLANG_WARN_DIRECT_OBJC_ISA_USAGE = YES_ERROR;
				CLANG_WARN_DOCUMENTATION_COMMENTS = YES;
				CLANG_WARN_EMPTY_BODY = YES;
				CLANG_WARN_ENUM_CONVERSION = YES;
				CLANG_WARN_INFINITE_RECURSION = YES;
				CLANG_WARN_INT_CONVERSION = YES;
				CLANG_WARN_NON_LITERAL_NULL_CONVERSION = YES;
				CLANG_WARN_OBJC_IMPLICIT_RETAIN_SELF = YES;
				CLANG_WARN_OBJC_LITERAL_CONVERSION = YES;
				CLANG_WARN_OBJC_ROOT_CLASS = YES_ERROR;
				CLANG_WARN_RANGE_LOOP_ANALYSIS = YES;
				CLANG_WARN_STRICT_PROTOTYPES = YES;
				CLANG_WARN_SUSPICIOUS_MOVE = YES;
				CLANG_WARN_UNGUARDED_AVAILABILITY = YES_AGGRESSIVE;
				CLANG_WARN_UNREACHABLE_CODE = YES;
				CLANG_WARN__DUPLICATE_METHOD_MATCH = YES;
				CODE_SIGN_IDENTITY = "iPhone Developer";
				COPY_PHASE_STRIP = NO;
				DEBUG_INFORMATION_FORMAT = dwarf;
				ENABLE_STRICT_OBJC_MSGSEND = YES;
				ENABLE_TESTABILITY = YES;
				GCC_C_LANGUAGE_STANDARD = gnu11;
				GCC_DYNAMIC_NO_PIC = NO;
				GCC_NO_COMMON_BLOCKS = YES;
				GCC_OPTIMIZATION_LEVEL = 0;
				GCC_PREPROCESSOR_DEFINITIONS = (
					"DEBUG=1",
					"$(inherited)",
				);
				GCC_WARN_64_TO_32_BIT_CONVERSION = YES;
				GCC_WARN_ABOUT_RETURN_TYPE = YES_ERROR;
				GCC_WARN_UNDECLARED_SELECTOR = YES;
				GCC_WARN_UNINITIALIZED_AUTOS = YES_AGGRESSIVE;
				GCC_WARN_UNUSED_FUNCTION = YES;
				GCC_WARN_UNUSED_VARIABLE = YES;
				IPHONEOS_DEPLOYMENT_TARGET = 11.3;
				MTL_ENABLE_DEBUG_INFO = YES;
				ONLY_ACTIVE_ARCH = YES;
				SDKROOT = iphoneos;
				SWIFT_ACTIVE_COMPILATION_CONDITIONS = DEBUG;
				SWIFT_OPTIMIZATION_LEVEL = "-Onone";
			};
			name = Debug;
		};
		F44FC1E820AA0F230062E6A1 /* Release */ = {
			isa = XCBuildConfiguration;
			buildSettings = {
				ALWAYS_SEARCH_USER_PATHS = NO;
				CLANG_ANALYZER_NONNULL = YES;
				CLANG_ANALYZER_NUMBER_OBJECT_CONVERSION = YES_AGGRESSIVE;
				CLANG_CXX_LANGUAGE_STANDARD = "gnu++14";
				CLANG_CXX_LIBRARY = "libc++";
				CLANG_ENABLE_MODULES = YES;
				CLANG_ENABLE_OBJC_ARC = YES;
				CLANG_ENABLE_OBJC_WEAK = YES;
				CLANG_WARN_BLOCK_CAPTURE_AUTORELEASING = YES;
				CLANG_WARN_BOOL_CONVERSION = YES;
				CLANG_WARN_COMMA = YES;
				CLANG_WARN_CONSTANT_CONVERSION = YES;
				CLANG_WARN_DEPRECATED_OBJC_IMPLEMENTATIONS = YES;
				CLANG_WARN_DIRECT_OBJC_ISA_USAGE = YES_ERROR;
				CLANG_WARN_DOCUMENTATION_COMMENTS = YES;
				CLANG_WARN_EMPTY_BODY = YES;
				CLANG_WARN_ENUM_CONVERSION = YES;
				CLANG_WARN_INFINITE_RECURSION = YES;
				CLANG_WARN_INT_CONVERSION = YES;
				CLANG_WARN_NON_LITERAL_NULL_CONVERSION = YES;
				CLANG_WARN_OBJC_IMPLICIT_RETAIN_SELF = YES;
				CLANG_WARN_OBJC_LITERAL_CONVERSION = YES;
				CLANG_WARN_OBJC_ROOT_CLASS = YES_ERROR;
				CLANG_WARN_RANGE_LOOP_ANALYSIS = YES;
				CLANG_WARN_STRICT_PROTOTYPES = YES;
				CLANG_WARN_SUSPICIOUS_MOVE = YES;
				CLANG_WARN_UNGUARDED_AVAILABILITY = YES_AGGRESSIVE;
				CLANG_WARN_UNREACHABLE_CODE = YES;
				CLANG_WARN__DUPLICATE_METHOD_MATCH = YES;
				CODE_SIGN_IDENTITY = "iPhone Developer";
				COPY_PHASE_STRIP = NO;
				DEBUG_INFORMATION_FORMAT = "dwarf-with-dsym";
				ENABLE_NS_ASSERTIONS = NO;
				ENABLE_STRICT_OBJC_MSGSEND = YES;
				GCC_C_LANGUAGE_STANDARD = gnu11;
				GCC_NO_COMMON_BLOCKS = YES;
				GCC_WARN_64_TO_32_BIT_CONVERSION = YES;
				GCC_WARN_ABOUT_RETURN_TYPE = YES_ERROR;
				GCC_WARN_UNDECLARED_SELECTOR = YES;
				GCC_WARN_UNINITIALIZED_AUTOS = YES_AGGRESSIVE;
				GCC_WARN_UNUSED_FUNCTION = YES;
				GCC_WARN_UNUSED_VARIABLE = YES;
				IPHONEOS_DEPLOYMENT_TARGET = 11.3;
				MTL_ENABLE_DEBUG_INFO = NO;
				SDKROOT = iphoneos;
				SWIFT_COMPILATION_MODE = wholemodule;
				SWIFT_OPTIMIZATION_LEVEL = "-O";
				VALIDATE_PRODUCT = YES;
			};
			name = Release;
		};
		F44FC1EA20AA0F230062E6A1 /* Debug */ = {
			isa = XCBuildConfiguration;
			buildSettings = {
				ASSETCATALOG_COMPILER_APPICON_NAME = AppIcon;
				CODE_SIGN_STYLE = Automatic;
				DEVELOPMENT_TEAM = FU587N3Y9W;
				INFOPLIST_FILE = PolarData/Info.plist;
				LD_RUNPATH_SEARCH_PATHS = (
					"$(inherited)",
					"@executable_path/Frameworks",
				);
				LIBRARY_SEARCH_PATHS = (
					"$(PROJECT_DIR)/XlsxReaderWriter/ThirdParties/SSZipArchive/build/Debug-iphoneos",
					"$(inherited)",
				);
				OTHER_LDFLAGS = "-all_load";
				PRODUCT_BUNDLE_IDENTIFIER = com.PIDR.PolarData;
				PRODUCT_NAME = "$(TARGET_NAME)";
				SWIFT_OBJC_BRIDGING_HEADER = "";
				SWIFT_VERSION = 4.0;
				TARGETED_DEVICE_FAMILY = "1,2";
				USER_HEADER_SEARCH_PATHS = "$(SRCROOT)/XlsxReaderWriter";
			};
			name = Debug;
		};
		F44FC1EB20AA0F230062E6A1 /* Release */ = {
			isa = XCBuildConfiguration;
			buildSettings = {
				ASSETCATALOG_COMPILER_APPICON_NAME = AppIcon;
				CODE_SIGN_STYLE = Automatic;
				DEVELOPMENT_TEAM = FU587N3Y9W;
				INFOPLIST_FILE = PolarData/Info.plist;
				LD_RUNPATH_SEARCH_PATHS = (
					"$(inherited)",
					"@executable_path/Frameworks",
				);
				LIBRARY_SEARCH_PATHS = (
					"$(PROJECT_DIR)/XlsxReaderWriter/ThirdParties/SSZipArchive/build/Debug-iphoneos",
					"$(inherited)",
				);
				OTHER_LDFLAGS = "-all_load";
				PRODUCT_BUNDLE_IDENTIFIER = com.PIDR.PolarData;
				PRODUCT_NAME = "$(TARGET_NAME)";
				SWIFT_OBJC_BRIDGING_HEADER = "";
				SWIFT_VERSION = 4.0;
				TARGETED_DEVICE_FAMILY = "1,2";
				USER_HEADER_SEARCH_PATHS = "$(SRCROOT)/XlsxReaderWriter";
			};
			name = Release;
		};
		F44FC1ED20AA0F230062E6A1 /* Debug */ = {
			isa = XCBuildConfiguration;
			buildSettings = {
				ALWAYS_EMBED_SWIFT_STANDARD_LIBRARIES = YES;
				BUNDLE_LOADER = "$(TEST_HOST)";
				CODE_SIGN_STYLE = Automatic;
				DEVELOPMENT_TEAM = FU587N3Y9W;
				INFOPLIST_FILE = PolarDataTests/Info.plist;
				LD_RUNPATH_SEARCH_PATHS = (
					"$(inherited)",
					"@executable_path/Frameworks",
					"@loader_path/Frameworks",
				);
				PRODUCT_BUNDLE_IDENTIFIER = com.PIDR.PolarDataTests;
				PRODUCT_NAME = "$(TARGET_NAME)";
				SWIFT_VERSION = 4.0;
				TARGETED_DEVICE_FAMILY = "1,2";
				TEST_HOST = "$(BUILT_PRODUCTS_DIR)/PolarData.app/PolarData";
			};
			name = Debug;
		};
		F44FC1EE20AA0F230062E6A1 /* Release */ = {
			isa = XCBuildConfiguration;
			buildSettings = {
				ALWAYS_EMBED_SWIFT_STANDARD_LIBRARIES = YES;
				BUNDLE_LOADER = "$(TEST_HOST)";
				CODE_SIGN_STYLE = Automatic;
				DEVELOPMENT_TEAM = FU587N3Y9W;
				INFOPLIST_FILE = PolarDataTests/Info.plist;
				LD_RUNPATH_SEARCH_PATHS = (
					"$(inherited)",
					"@executable_path/Frameworks",
					"@loader_path/Frameworks",
				);
				PRODUCT_BUNDLE_IDENTIFIER = com.PIDR.PolarDataTests;
				PRODUCT_NAME = "$(TARGET_NAME)";
				SWIFT_VERSION = 4.0;
				TARGETED_DEVICE_FAMILY = "1,2";
				TEST_HOST = "$(BUILT_PRODUCTS_DIR)/PolarData.app/PolarData";
			};
			name = Release;
		};
		F44FC1F020AA0F230062E6A1 /* Debug */ = {
			isa = XCBuildConfiguration;
			buildSettings = {
				ALWAYS_EMBED_SWIFT_STANDARD_LIBRARIES = YES;
				CODE_SIGN_STYLE = Automatic;
				DEVELOPMENT_TEAM = FU587N3Y9W;
				INFOPLIST_FILE = PolarDataUITests/Info.plist;
				LD_RUNPATH_SEARCH_PATHS = (
					"$(inherited)",
					"@executable_path/Frameworks",
					"@loader_path/Frameworks",
				);
				PRODUCT_BUNDLE_IDENTIFIER = com.PIDR.PolarDataUITests;
				PRODUCT_NAME = "$(TARGET_NAME)";
				SWIFT_VERSION = 4.0;
				TARGETED_DEVICE_FAMILY = "1,2";
				TEST_TARGET_NAME = PolarData;
			};
			name = Debug;
		};
		F44FC1F120AA0F230062E6A1 /* Release */ = {
			isa = XCBuildConfiguration;
			buildSettings = {
				ALWAYS_EMBED_SWIFT_STANDARD_LIBRARIES = YES;
				CODE_SIGN_STYLE = Automatic;
				DEVELOPMENT_TEAM = FU587N3Y9W;
				INFOPLIST_FILE = PolarDataUITests/Info.plist;
				LD_RUNPATH_SEARCH_PATHS = (
					"$(inherited)",
					"@executable_path/Frameworks",
					"@loader_path/Frameworks",
				);
				PRODUCT_BUNDLE_IDENTIFIER = com.PIDR.PolarDataUITests;
				PRODUCT_NAME = "$(TARGET_NAME)";
				SWIFT_VERSION = 4.0;
				TARGETED_DEVICE_FAMILY = "1,2";
				TEST_TARGET_NAME = PolarData;
			};
			name = Release;
		};
/* End XCBuildConfiguration section */

/* Begin XCConfigurationList section */
		F44FC1B920AA0F200062E6A1 /* Build configuration list for PBXProject "PolarData" */ = {
			isa = XCConfigurationList;
			buildConfigurations = (
				F44FC1E720AA0F230062E6A1 /* Debug */,
				F44FC1E820AA0F230062E6A1 /* Release */,
			);
			defaultConfigurationIsVisible = 0;
			defaultConfigurationName = Release;
		};
		F44FC1E920AA0F230062E6A1 /* Build configuration list for PBXNativeTarget "PolarData" */ = {
			isa = XCConfigurationList;
			buildConfigurations = (
				F44FC1EA20AA0F230062E6A1 /* Debug */,
				F44FC1EB20AA0F230062E6A1 /* Release */,
			);
			defaultConfigurationIsVisible = 0;
			defaultConfigurationName = Release;
		};
		F44FC1EC20AA0F230062E6A1 /* Build configuration list for PBXNativeTarget "PolarDataTests" */ = {
			isa = XCConfigurationList;
			buildConfigurations = (
				F44FC1ED20AA0F230062E6A1 /* Debug */,
				F44FC1EE20AA0F230062E6A1 /* Release */,
			);
			defaultConfigurationIsVisible = 0;
			defaultConfigurationName = Release;
		};
		F44FC1EF20AA0F230062E6A1 /* Build configuration list for PBXNativeTarget "PolarDataUITests" */ = {
			isa = XCConfigurationList;
			buildConfigurations = (
				F44FC1F020AA0F230062E6A1 /* Debug */,
				F44FC1F120AA0F230062E6A1 /* Release */,
			);
			defaultConfigurationIsVisible = 0;
			defaultConfigurationName = Release;
		};
/* End XCConfigurationList section */

/* Begin XCVersionGroup section */
		F44FC1C820AA0F200062E6A1 /* PolarData.xcdatamodeld */ = {
			isa = XCVersionGroup;
			children = (
				F44FC1C920AA0F200062E6A1 /* PolarData.xcdatamodel */,
			);
			currentVersion = F44FC1C920AA0F200062E6A1 /* PolarData.xcdatamodel */;
			path = PolarData.xcdatamodeld;
			sourceTree = "<group>";
			versionGroupType = wrapper.xcdatamodel;
		};
		F44FC21420AA3B130062E6A1 /* Model.xcdatamodeld */ = {
			isa = XCVersionGroup;
			children = (
				F44FC21520AA3B130062E6A1 /* Model.xcdatamodel */,
			);
			currentVersion = F44FC21520AA3B130062E6A1 /* Model.xcdatamodel */;
			path = Model.xcdatamodeld;
			sourceTree = "<group>";
			versionGroupType = wrapper.xcdatamodel;
		};
/* End XCVersionGroup section */
	};
	rootObject = F44FC1B620AA0F200062E6A1 /* Project object */;
}
